// !$*UTF8*$!
{
	archiveVersion = 1;
	classes = {
	};
	objectVersion = 50;
	objects = {

/* Begin PBXBuildFile section */
		013495FCE6E95FF809EAFECA /* Pods_Siparis.framework in Frameworks */ = {isa = PBXBuildFile; fileRef = 9134C9FA788C8B1E178C22F6 /* Pods_Siparis.framework */; };
		094C8F2F21F0AFB8003288CA /* Extensions.swift in Sources */ = {isa = PBXBuildFile; fileRef = 094C8F2E21F0AFB8003288CA /* Extensions.swift */; };
		09E5C93721F7721E00A900B2 /* TotalHammaddeCell.swift in Sources */ = {isa = PBXBuildFile; fileRef = 09E5C93621F7721E00A900B2 /* TotalHammaddeCell.swift */; };
		B90CD86B2152BEE90001A0B8 /* AddLocationVC.swift in Sources */ = {isa = PBXBuildFile; fileRef = B90CD86A2152BEE90001A0B8 /* AddLocationVC.swift */; };
		B917457F21CA7A0900F569D6 /* sefimYazi.png in Resources */ = {isa = PBXBuildFile; fileRef = B917457E21CA7A0900F569D6 /* sefimYazi.png */; };
		B917458321CB88EE00F569D6 /* ForgotPassword.swift in Sources */ = {isa = PBXBuildFile; fileRef = B917458221CB88EE00F569D6 /* ForgotPassword.swift */; };
		B917458521CBB9B300F569D6 /* EkranSifresiVC.swift in Sources */ = {isa = PBXBuildFile; fileRef = B917458421CBB9B300F569D6 /* EkranSifresiVC.swift */; };
		B91861CB21BE7C070024E2E6 /* Reachability.swift in Sources */ = {isa = PBXBuildFile; fileRef = B91861CA21BE7C070024E2E6 /* Reachability.swift */; };
		B91B248B21553045005C3DED /* CoreLocation.framework in Frameworks */ = {isa = PBXBuildFile; fileRef = B91B248A21553045005C3DED /* CoreLocation.framework */; };
		B93953812168C6AE005A5099 /* BilgilerimVC.swift in Sources */ = {isa = PBXBuildFile; fileRef = B93953802168C6AE005A5099 /* BilgilerimVC.swift */; };
		B93CBAA321A85B46000FEC3F /* DateTimeCell.swift in Sources */ = {isa = PBXBuildFile; fileRef = B93CBAA221A85B46000FEC3F /* DateTimeCell.swift */; };
		B941CFFE21BFBA9300CF7246 /* ManuelEkleVC.swift in Sources */ = {isa = PBXBuildFile; fileRef = B941CFFD21BFBA9300CF7246 /* ManuelEkleVC.swift */; };
		B941D00021BFF10E00CF7246 /* ManuelEkleCell.swift in Sources */ = {isa = PBXBuildFile; fileRef = B941CFFF21BFF10E00CF7246 /* ManuelEkleCell.swift */; };
		B941D00221C00A9500CF7246 /* OrderVC.swift in Sources */ = {isa = PBXBuildFile; fileRef = B941D00121C00A9500CF7246 /* OrderVC.swift */; };
		B941D00421C00DA400CF7246 /* OrderCell.swift in Sources */ = {isa = PBXBuildFile; fileRef = B941D00321C00DA300CF7246 /* OrderCell.swift */; };
		B941D00621C03FDE00CF7246 /* PaymentVC.swift in Sources */ = {isa = PBXBuildFile; fileRef = B941D00521C03FDE00CF7246 /* PaymentVC.swift */; };
		B95E2D7F21A47B75009CCD72 /* OncekiSiparislerVC.swift in Sources */ = {isa = PBXBuildFile; fileRef = B95E2D7E21A47B75009CCD72 /* OncekiSiparislerVC.swift */; };
		B9706EB0214FB52100234067 /* Model.xcdatamodeld in Sources */ = {isa = PBXBuildFile; fileRef = B9706EAE214FB52100234067 /* Model.xcdatamodeld */; };
		B977BB5521D0F6F2008B5BD2 /* HammaddeBilgisiVC.swift in Sources */ = {isa = PBXBuildFile; fileRef = B977BB5421D0F6F2008B5BD2 /* HammaddeBilgisiVC.swift */; };
		B9828012215D2B4700CBE76B /* CreateQR.swift in Sources */ = {isa = PBXBuildFile; fileRef = B9828011215D2B4700CBE76B /* CreateQR.swift */; };
		B98EE459217B2E9400FA1E09 /* PopUpVC.swift in Sources */ = {isa = PBXBuildFile; fileRef = B98EE458217B2E9400FA1E09 /* PopUpVC.swift */; };
		B98EE45B217B2F2900FA1E09 /* PopUpTVC.swift in Sources */ = {isa = PBXBuildFile; fileRef = B98EE45A217B2F2900FA1E09 /* PopUpTVC.swift */; };
		B9960FD121ABFE9500C26569 /* PreviousOrdersInformationVC.swift in Sources */ = {isa = PBXBuildFile; fileRef = B9960FD021ABFE9500C26569 /* PreviousOrdersInformationVC.swift */; };
		B9960FD321ABFF0200C26569 /* FoodPriceCell.swift in Sources */ = {isa = PBXBuildFile; fileRef = B9960FD221ABFF0200C26569 /* FoodPriceCell.swift */; };
		B99B3F68213E8678002D017A /* SignedUpVC.swift in Sources */ = {isa = PBXBuildFile; fileRef = B99B3F67213E8678002D017A /* SignedUpVC.swift */; };
		B9A741C921BB2000001130D1 /* QRIcınDokun.png in Resources */ = {isa = PBXBuildFile; fileRef = B9A741C821BB2000001130D1 /* QRIcınDokun.png */; };
		B9A741CE21BB214B001130D1 /* LogoSec.png in Resources */ = {isa = PBXBuildFile; fileRef = B9A741CD21BB214A001130D1 /* LogoSec.png */; };
		B9BD4AA721E0B97D00BFFDDD /* fotosecin.png in Resources */ = {isa = PBXBuildFile; fileRef = B9BD4AA621E0B97D00BFFDDD /* fotosecin.png */; };
		B9D260A021F1C0DE00B27FE6 /* TotalHammaddeVC.swift in Sources */ = {isa = PBXBuildFile; fileRef = B9D2609F21F1C0DE00B27FE6 /* TotalHammaddeVC.swift */; };
		B9E68670216E63F400EF4C65 /* ChangePasswordVC.swift in Sources */ = {isa = PBXBuildFile; fileRef = B9E6866F216E63F400EF4C65 /* ChangePasswordVC.swift */; };
		B9F26D5722087D2100604FFF /* bos.png in Resources */ = {isa = PBXBuildFile; fileRef = B9F26D5622087D2100604FFF /* bos.png */; };
		B9F337BC21E3963600B64378 /* qr1.png in Resources */ = {isa = PBXBuildFile; fileRef = B9F337B721E3963500B64378 /* qr1.png */; };
		B9F337BD21E3963600B64378 /* table.png in Resources */ = {isa = PBXBuildFile; fileRef = B9F337B821E3963600B64378 /* table.png */; };
		B9F337BE21E3963600B64378 /* profil.png in Resources */ = {isa = PBXBuildFile; fileRef = B9F337B921E3963600B64378 /* profil.png */; };
		B9F337BF21E3963600B64378 /* menu1.png in Resources */ = {isa = PBXBuildFile; fileRef = B9F337BA21E3963600B64378 /* menu1.png */; };
		B9F337C021E3963600B64378 /* location.png in Resources */ = {isa = PBXBuildFile; fileRef = B9F337BB21E3963600B64378 /* location.png */; };
		B9F529CA2143DDD200BD45A6 /* MenuTVC.swift in Sources */ = {isa = PBXBuildFile; fileRef = B9F529C92143DDD200BD45A6 /* MenuTVC.swift */; };
		B9F529CE2144239E00BD45A6 /* AddFoodTitleVC.swift in Sources */ = {isa = PBXBuildFile; fileRef = B9F529CD2144239E00BD45A6 /* AddFoodTitleVC.swift */; };
		B9F529D02144364F00BD45A6 /* FoodDetailsTVC.swift in Sources */ = {isa = PBXBuildFile; fileRef = B9F529CF2144364F00BD45A6 /* FoodDetailsTVC.swift */; };
		B9F529D621443C2000BD45A6 /* AddFoodInformationVC.swift in Sources */ = {isa = PBXBuildFile; fileRef = B9F529D521443C2000BD45A6 /* AddFoodInformationVC.swift */; };
		B9F529DA2144449600BD45A6 /* FoodInformationShowVC.swift in Sources */ = {isa = PBXBuildFile; fileRef = B9F529D92144449600BD45A6 /* FoodInformationShowVC.swift */; };
		B9F6ED6021D01675009066A5 /* HammaddeVC.swift in Sources */ = {isa = PBXBuildFile; fileRef = B9F6ED5F21D01675009066A5 /* HammaddeVC.swift */; };
		B9F6ED6221D017B9009066A5 /* HammaddeEkleVC.swift in Sources */ = {isa = PBXBuildFile; fileRef = B9F6ED6121D017B9009066A5 /* HammaddeEkleVC.swift */; };
		B9F6ED6421D0256D009066A5 /* HammaddeCell.swift in Sources */ = {isa = PBXBuildFile; fileRef = B9F6ED6321D0256D009066A5 /* HammaddeCell.swift */; };
		B9F6ED6621D0281A009066A5 /* HammaddeDetails.swift in Sources */ = {isa = PBXBuildFile; fileRef = B9F6ED6521D0281A009066A5 /* HammaddeDetails.swift */; };
		B9FCE50D213D8486006BCB6C /* AppDelegate.swift in Sources */ = {isa = PBXBuildFile; fileRef = B9FCE50C213D8486006BCB6C /* AppDelegate.swift */; };
		B9FCE512213D8486006BCB6C /* Main.storyboard in Resources */ = {isa = PBXBuildFile; fileRef = B9FCE510213D8486006BCB6C /* Main.storyboard */; };
		B9FCE514213D8488006BCB6C /* Assets.xcassets in Resources */ = {isa = PBXBuildFile; fileRef = B9FCE513213D8488006BCB6C /* Assets.xcassets */; };
		B9FCE517213D8488006BCB6C /* LaunchScreen.storyboard in Resources */ = {isa = PBXBuildFile; fileRef = B9FCE515213D8488006BCB6C /* LaunchScreen.storyboard */; };
		B9FCE51F213D8E49006BCB6C /* SingInVC.swift in Sources */ = {isa = PBXBuildFile; fileRef = B9FCE51E213D8E49006BCB6C /* SingInVC.swift */; };
		B9FCE523213D90B8006BCB6C /* konumVC.swift in Sources */ = {isa = PBXBuildFile; fileRef = B9FCE522213D90B8006BCB6C /* konumVC.swift */; };
		B9FCE525213D90CE006BCB6C /* KareKodVC.swift in Sources */ = {isa = PBXBuildFile; fileRef = B9FCE524213D90CE006BCB6C /* KareKodVC.swift */; };
		B9FCE527213D90E0006BCB6C /* MasaVC.swift in Sources */ = {isa = PBXBuildFile; fileRef = B9FCE526213D90E0006BCB6C /* MasaVC.swift */; };
		B9FCE529213D90F5006BCB6C /* IsletmeProfilVC.swift in Sources */ = {isa = PBXBuildFile; fileRef = B9FCE528213D90F5006BCB6C /* IsletmeProfilVC.swift */; };
		B9FF8BE321EE6FD20088EA23 /* UygulamaHakkindaVC.swift in Sources */ = {isa = PBXBuildFile; fileRef = B9FF8BE221EE6FD20088EA23 /* UygulamaHakkindaVC.swift */; };
/* End PBXBuildFile section */

/* Begin PBXFileReference section */
		094C8F2E21F0AFB8003288CA /* Extensions.swift */ = {isa = PBXFileReference; lastKnownFileType = sourcecode.swift; path = Extensions.swift; sourceTree = "<group>"; };
		09E5C93621F7721E00A900B2 /* TotalHammaddeCell.swift */ = {isa = PBXFileReference; lastKnownFileType = sourcecode.swift; path = TotalHammaddeCell.swift; sourceTree = "<group>"; };
		257F260B6429E26C1436ECBD /* Pods-Siparis.release.xcconfig */ = {isa = PBXFileReference; includeInIndex = 1; lastKnownFileType = text.xcconfig; name = "Pods-Siparis.release.xcconfig"; path = "Pods/Target Support Files/Pods-Siparis/Pods-Siparis.release.xcconfig"; sourceTree = "<group>"; };
		9134C9FA788C8B1E178C22F6 /* Pods_Siparis.framework */ = {isa = PBXFileReference; explicitFileType = wrapper.framework; includeInIndex = 0; path = Pods_Siparis.framework; sourceTree = BUILT_PRODUCTS_DIR; };
		B90CD86A2152BEE90001A0B8 /* AddLocationVC.swift */ = {isa = PBXFileReference; lastKnownFileType = sourcecode.swift; path = AddLocationVC.swift; sourceTree = "<group>"; };
		B917457E21CA7A0900F569D6 /* sefimYazi.png */ = {isa = PBXFileReference; lastKnownFileType = image.png; path = sefimYazi.png; sourceTree = "<group>"; };
		B917458221CB88EE00F569D6 /* ForgotPassword.swift */ = {isa = PBXFileReference; lastKnownFileType = sourcecode.swift; path = ForgotPassword.swift; sourceTree = "<group>"; };
		B917458421CBB9B300F569D6 /* EkranSifresiVC.swift */ = {isa = PBXFileReference; lastKnownFileType = sourcecode.swift; path = EkranSifresiVC.swift; sourceTree = "<group>"; };
		B91861CA21BE7C070024E2E6 /* Reachability.swift */ = {isa = PBXFileReference; lastKnownFileType = sourcecode.swift; path = Reachability.swift; sourceTree = "<group>"; };
		B91B248A21553045005C3DED /* CoreLocation.framework */ = {isa = PBXFileReference; lastKnownFileType = wrapper.framework; name = CoreLocation.framework; path = System/Library/Frameworks/CoreLocation.framework; sourceTree = SDKROOT; };
		B93953802168C6AE005A5099 /* BilgilerimVC.swift */ = {isa = PBXFileReference; lastKnownFileType = sourcecode.swift; path = BilgilerimVC.swift; sourceTree = "<group>"; };
		B93CBAA221A85B46000FEC3F /* DateTimeCell.swift */ = {isa = PBXFileReference; lastKnownFileType = sourcecode.swift; path = DateTimeCell.swift; sourceTree = "<group>"; };
		B941CFFD21BFBA9300CF7246 /* ManuelEkleVC.swift */ = {isa = PBXFileReference; lastKnownFileType = sourcecode.swift; path = ManuelEkleVC.swift; sourceTree = "<group>"; };
		B941CFFF21BFF10E00CF7246 /* ManuelEkleCell.swift */ = {isa = PBXFileReference; lastKnownFileType = sourcecode.swift; path = ManuelEkleCell.swift; sourceTree = "<group>"; };
		B941D00121C00A9500CF7246 /* OrderVC.swift */ = {isa = PBXFileReference; lastKnownFileType = sourcecode.swift; path = OrderVC.swift; sourceTree = "<group>"; };
		B941D00321C00DA300CF7246 /* OrderCell.swift */ = {isa = PBXFileReference; lastKnownFileType = sourcecode.swift; path = OrderCell.swift; sourceTree = "<group>"; };
		B941D00521C03FDE00CF7246 /* PaymentVC.swift */ = {isa = PBXFileReference; lastKnownFileType = sourcecode.swift; path = PaymentVC.swift; sourceTree = "<group>"; };
		B95E2D7E21A47B75009CCD72 /* OncekiSiparislerVC.swift */ = {isa = PBXFileReference; lastKnownFileType = sourcecode.swift; path = OncekiSiparislerVC.swift; sourceTree = "<group>"; };
		B9706EAF214FB52100234067 /* Model.xcdatamodel */ = {isa = PBXFileReference; lastKnownFileType = wrapper.xcdatamodel; path = Model.xcdatamodel; sourceTree = "<group>"; };
		B977BB5421D0F6F2008B5BD2 /* HammaddeBilgisiVC.swift */ = {isa = PBXFileReference; lastKnownFileType = sourcecode.swift; path = HammaddeBilgisiVC.swift; sourceTree = "<group>"; };
		B9828011215D2B4700CBE76B /* CreateQR.swift */ = {isa = PBXFileReference; lastKnownFileType = sourcecode.swift; path = CreateQR.swift; sourceTree = "<group>"; };
		B98EE458217B2E9400FA1E09 /* PopUpVC.swift */ = {isa = PBXFileReference; lastKnownFileType = sourcecode.swift; path = PopUpVC.swift; sourceTree = "<group>"; };
		B98EE45A217B2F2900FA1E09 /* PopUpTVC.swift */ = {isa = PBXFileReference; lastKnownFileType = sourcecode.swift; path = PopUpTVC.swift; sourceTree = "<group>"; };
		B9960FD021ABFE9500C26569 /* PreviousOrdersInformationVC.swift */ = {isa = PBXFileReference; lastKnownFileType = sourcecode.swift; path = PreviousOrdersInformationVC.swift; sourceTree = "<group>"; };
		B9960FD221ABFF0200C26569 /* FoodPriceCell.swift */ = {isa = PBXFileReference; lastKnownFileType = sourcecode.swift; path = FoodPriceCell.swift; sourceTree = "<group>"; };
		B99B3F67213E8678002D017A /* SignedUpVC.swift */ = {isa = PBXFileReference; lastKnownFileType = sourcecode.swift; path = SignedUpVC.swift; sourceTree = "<group>"; };
		B9A741C821BB2000001130D1 /* QRIcınDokun.png */ = {isa = PBXFileReference; lastKnownFileType = image.png; path = "QRIcınDokun.png"; sourceTree = "<group>"; };
		B9A741CD21BB214A001130D1 /* LogoSec.png */ = {isa = PBXFileReference; lastKnownFileType = image.png; path = LogoSec.png; sourceTree = "<group>"; };
		B9BD4AA621E0B97D00BFFDDD /* fotosecin.png */ = {isa = PBXFileReference; lastKnownFileType = image.png; path = fotosecin.png; sourceTree = "<group>"; };
		B9D2609F21F1C0DE00B27FE6 /* TotalHammaddeVC.swift */ = {isa = PBXFileReference; lastKnownFileType = sourcecode.swift; path = TotalHammaddeVC.swift; sourceTree = "<group>"; };
		B9E6866F216E63F400EF4C65 /* ChangePasswordVC.swift */ = {isa = PBXFileReference; lastKnownFileType = sourcecode.swift; path = ChangePasswordVC.swift; sourceTree = "<group>"; };
		B9F26D5622087D2100604FFF /* bos.png */ = {isa = PBXFileReference; lastKnownFileType = image.png; path = bos.png; sourceTree = "<group>"; };
		B9F337B721E3963500B64378 /* qr1.png */ = {isa = PBXFileReference; lastKnownFileType = image.png; path = qr1.png; sourceTree = "<group>"; };
		B9F337B821E3963600B64378 /* table.png */ = {isa = PBXFileReference; lastKnownFileType = image.png; path = table.png; sourceTree = "<group>"; };
		B9F337B921E3963600B64378 /* profil.png */ = {isa = PBXFileReference; lastKnownFileType = image.png; path = profil.png; sourceTree = "<group>"; };
		B9F337BA21E3963600B64378 /* menu1.png */ = {isa = PBXFileReference; lastKnownFileType = image.png; path = menu1.png; sourceTree = "<group>"; };
		B9F337BB21E3963600B64378 /* location.png */ = {isa = PBXFileReference; lastKnownFileType = image.png; path = location.png; sourceTree = "<group>"; };
		B9F529C92143DDD200BD45A6 /* MenuTVC.swift */ = {isa = PBXFileReference; lastKnownFileType = sourcecode.swift; path = MenuTVC.swift; sourceTree = "<group>"; };
		B9F529CD2144239E00BD45A6 /* AddFoodTitleVC.swift */ = {isa = PBXFileReference; lastKnownFileType = sourcecode.swift; path = AddFoodTitleVC.swift; sourceTree = "<group>"; };
		B9F529CF2144364F00BD45A6 /* FoodDetailsTVC.swift */ = {isa = PBXFileReference; lastKnownFileType = sourcecode.swift; path = FoodDetailsTVC.swift; sourceTree = "<group>"; };
		B9F529D521443C2000BD45A6 /* AddFoodInformationVC.swift */ = {isa = PBXFileReference; lastKnownFileType = sourcecode.swift; path = AddFoodInformationVC.swift; sourceTree = "<group>"; };
		B9F529D92144449600BD45A6 /* FoodInformationShowVC.swift */ = {isa = PBXFileReference; lastKnownFileType = sourcecode.swift; path = FoodInformationShowVC.swift; sourceTree = "<group>"; };
		B9F6ED5F21D01675009066A5 /* HammaddeVC.swift */ = {isa = PBXFileReference; lastKnownFileType = sourcecode.swift; path = HammaddeVC.swift; sourceTree = "<group>"; };
		B9F6ED6121D017B9009066A5 /* HammaddeEkleVC.swift */ = {isa = PBXFileReference; lastKnownFileType = sourcecode.swift; path = HammaddeEkleVC.swift; sourceTree = "<group>"; };
		B9F6ED6321D0256D009066A5 /* HammaddeCell.swift */ = {isa = PBXFileReference; lastKnownFileType = sourcecode.swift; path = HammaddeCell.swift; sourceTree = "<group>"; };
		B9F6ED6521D0281A009066A5 /* HammaddeDetails.swift */ = {isa = PBXFileReference; lastKnownFileType = sourcecode.swift; path = HammaddeDetails.swift; sourceTree = "<group>"; };
		B9FCE509213D8486006BCB6C /* Siparis.app */ = {isa = PBXFileReference; explicitFileType = wrapper.application; includeInIndex = 0; path = Siparis.app; sourceTree = BUILT_PRODUCTS_DIR; };
		B9FCE50C213D8486006BCB6C /* AppDelegate.swift */ = {isa = PBXFileReference; lastKnownFileType = sourcecode.swift; path = AppDelegate.swift; sourceTree = "<group>"; };
		B9FCE511213D8486006BCB6C /* Base */ = {isa = PBXFileReference; lastKnownFileType = file.storyboard; name = Base; path = Base.lproj/Main.storyboard; sourceTree = "<group>"; };
		B9FCE513213D8488006BCB6C /* Assets.xcassets */ = {isa = PBXFileReference; lastKnownFileType = folder.assetcatalog; path = Assets.xcassets; sourceTree = "<group>"; };
		B9FCE516213D8488006BCB6C /* Base */ = {isa = PBXFileReference; lastKnownFileType = file.storyboard; name = Base; path = Base.lproj/LaunchScreen.storyboard; sourceTree = "<group>"; };
		B9FCE518213D8488006BCB6C /* Info.plist */ = {isa = PBXFileReference; lastKnownFileType = text.plist.xml; path = Info.plist; sourceTree = "<group>"; };
		B9FCE51E213D8E49006BCB6C /* SingInVC.swift */ = {isa = PBXFileReference; lastKnownFileType = sourcecode.swift; path = SingInVC.swift; sourceTree = "<group>"; };
		B9FCE522213D90B8006BCB6C /* konumVC.swift */ = {isa = PBXFileReference; lastKnownFileType = sourcecode.swift; path = konumVC.swift; sourceTree = "<group>"; };
		B9FCE524213D90CE006BCB6C /* KareKodVC.swift */ = {isa = PBXFileReference; lastKnownFileType = sourcecode.swift; path = KareKodVC.swift; sourceTree = "<group>"; };
		B9FCE526213D90E0006BCB6C /* MasaVC.swift */ = {isa = PBXFileReference; lastKnownFileType = sourcecode.swift; path = MasaVC.swift; sourceTree = "<group>"; };
		B9FCE528213D90F5006BCB6C /* IsletmeProfilVC.swift */ = {isa = PBXFileReference; lastKnownFileType = sourcecode.swift; path = IsletmeProfilVC.swift; sourceTree = "<group>"; };
		B9FF8BE221EE6FD20088EA23 /* UygulamaHakkindaVC.swift */ = {isa = PBXFileReference; lastKnownFileType = sourcecode.swift; path = UygulamaHakkindaVC.swift; sourceTree = "<group>"; };
		C4FBEC4FE39D0A3680A56A0E /* Pods-Siparis.debug.xcconfig */ = {isa = PBXFileReference; includeInIndex = 1; lastKnownFileType = text.xcconfig; name = "Pods-Siparis.debug.xcconfig"; path = "Pods/Target Support Files/Pods-Siparis/Pods-Siparis.debug.xcconfig"; sourceTree = "<group>"; };
/* End PBXFileReference section */

/* Begin PBXFrameworksBuildPhase section */
		B9FCE506213D8486006BCB6C /* Frameworks */ = {
			isa = PBXFrameworksBuildPhase;
			buildActionMask = 2147483647;
			files = (
				B91B248B21553045005C3DED /* CoreLocation.framework in Frameworks */,
				013495FCE6E95FF809EAFECA /* Pods_Siparis.framework in Frameworks */,
			);
			runOnlyForDeploymentPostprocessing = 0;
		};
/* End PBXFrameworksBuildPhase section */

/* Begin PBXGroup section */
		29178C92C26C58142E7548F0 /* Pods */ = {
			isa = PBXGroup;
			children = (
				C4FBEC4FE39D0A3680A56A0E /* Pods-Siparis.debug.xcconfig */,
				257F260B6429E26C1436ECBD /* Pods-Siparis.release.xcconfig */,
			);
			name = Pods;
			sourceTree = "<group>";
		};
		B9A741CA21BB2035001130D1 /* Images */ = {
			isa = PBXGroup;
			children = (
				B9F26D5622087D2100604FFF /* bos.png */,
				B9F337BB21E3963600B64378 /* location.png */,
				B9F337BA21E3963600B64378 /* menu1.png */,
				B9F337B921E3963600B64378 /* profil.png */,
				B9F337B721E3963500B64378 /* qr1.png */,
				B9F337B821E3963600B64378 /* table.png */,
				B9BD4AA621E0B97D00BFFDDD /* fotosecin.png */,
				B917457E21CA7A0900F569D6 /* sefimYazi.png */,
				B9A741C821BB2000001130D1 /* QRIcınDokun.png */,
				B9A741CD21BB214A001130D1 /* LogoSec.png */,
			);
			path = Images;
			sourceTree = "<group>";
		};
		B9E0936621958130007E6B2E /* Menu */ = {
			isa = PBXGroup;
			children = (
				B9F529C92143DDD200BD45A6 /* MenuTVC.swift */,
				B9F529CD2144239E00BD45A6 /* AddFoodTitleVC.swift */,
				B9F529CF2144364F00BD45A6 /* FoodDetailsTVC.swift */,
				B9F529D521443C2000BD45A6 /* AddFoodInformationVC.swift */,
				B977BB5421D0F6F2008B5BD2 /* HammaddeBilgisiVC.swift */,
				B9F529D92144449600BD45A6 /* FoodInformationShowVC.swift */,
			);
			name = Menu;
			path = ..;
			sourceTree = "<group>";
		};
		B9E0936721958158007E6B2E /* Location */ = {
			isa = PBXGroup;
			children = (
				B9FCE522213D90B8006BCB6C /* konumVC.swift */,
				B90CD86A2152BEE90001A0B8 /* AddLocationVC.swift */,
			);
			path = Location;
			sourceTree = "<group>";
		};
		B9E093682195816D007E6B2E /* QR Code */ = {
			isa = PBXGroup;
			children = (
				B9FCE524213D90CE006BCB6C /* KareKodVC.swift */,
				B9828011215D2B4700CBE76B /* CreateQR.swift */,
			);
			path = "QR Code";
			sourceTree = "<group>";
		};
		B9E093692195817E007E6B2E /* Table */ = {
			isa = PBXGroup;
			children = (
				B9FCE526213D90E0006BCB6C /* MasaVC.swift */,
				B98EE458217B2E9400FA1E09 /* PopUpVC.swift */,
				B941CFFD21BFBA9300CF7246 /* ManuelEkleVC.swift */,
				B941D00121C00A9500CF7246 /* OrderVC.swift */,
				B941D00521C03FDE00CF7246 /* PaymentVC.swift */,
				B941CFFF21BFF10E00CF7246 /* ManuelEkleCell.swift */,
				B98EE45A217B2F2900FA1E09 /* PopUpTVC.swift */,
				B941D00321C00DA300CF7246 /* OrderCell.swift */,
			);
			path = Table;
			sourceTree = "<group>";
		};
		B9E0936A21958192007E6B2E /* Profil */ = {
			isa = PBXGroup;
			children = (
				B9FCE528213D90F5006BCB6C /* IsletmeProfilVC.swift */,
				B93953802168C6AE005A5099 /* BilgilerimVC.swift */,
				B9E6866F216E63F400EF4C65 /* ChangePasswordVC.swift */,
				B95E2D7E21A47B75009CCD72 /* OncekiSiparislerVC.swift */,
				B9D2609F21F1C0DE00B27FE6 /* TotalHammaddeVC.swift */,
				B9960FD021ABFE9500C26569 /* PreviousOrdersInformationVC.swift */,
				B9F6ED5F21D01675009066A5 /* HammaddeVC.swift */,
				B9F6ED6121D017B9009066A5 /* HammaddeEkleVC.swift */,
				B9F6ED6521D0281A009066A5 /* HammaddeDetails.swift */,
				B9FF8BE221EE6FD20088EA23 /* UygulamaHakkindaVC.swift */,
				B917458421CBB9B300F569D6 /* EkranSifresiVC.swift */,
				09E5C93621F7721E00A900B2 /* TotalHammaddeCell.swift */,
				B9F6ED6321D0256D009066A5 /* HammaddeCell.swift */,
				B93CBAA221A85B46000FEC3F /* DateTimeCell.swift */,
				B9960FD221ABFF0200C26569 /* FoodPriceCell.swift */,
			);
			path = Profil;
			sourceTree = "<group>";
		};
		B9FCE500213D8486006BCB6C = {
			isa = PBXGroup;
			children = (
				B9FCE50B213D8486006BCB6C /* Siparis */,
				B9FCE50A213D8486006BCB6C /* Products */,
				29178C92C26C58142E7548F0 /* Pods */,
				D572AEFFCA2B723CED72558B /* Frameworks */,
			);
			sourceTree = "<group>";
		};
		B9FCE50A213D8486006BCB6C /* Products */ = {
			isa = PBXGroup;
			children = (
				B9FCE509213D8486006BCB6C /* Siparis.app */,
			);
			name = Products;
			sourceTree = "<group>";
		};
		B9FCE50B213D8486006BCB6C /* Siparis */ = {
			isa = PBXGroup;
			children = (
				B9FCE50C213D8486006BCB6C /* AppDelegate.swift */,
				B99B3F67213E8678002D017A /* SignedUpVC.swift */,
				B9FCE51E213D8E49006BCB6C /* SingInVC.swift */,
				B917458221CB88EE00F569D6 /* ForgotPassword.swift */,
				B9E0936621958130007E6B2E /* Menu */,
				B9E0936721958158007E6B2E /* Location */,
				B9E093682195816D007E6B2E /* QR Code */,
				B9E093692195817E007E6B2E /* Table */,
				B9E0936A21958192007E6B2E /* Profil */,
				B9A741CA21BB2035001130D1 /* Images */,
				B9FCE510213D8486006BCB6C /* Main.storyboard */,
				B91861CA21BE7C070024E2E6 /* Reachability.swift */,
				B9FCE513213D8488006BCB6C /* Assets.xcassets */,
				B9FCE515213D8488006BCB6C /* LaunchScreen.storyboard */,
				B9FCE518213D8488006BCB6C /* Info.plist */,
				B9706EAE214FB52100234067 /* Model.xcdatamodeld */,
				094C8F2E21F0AFB8003288CA /* Extensions.swift */,
			);
			path = Siparis;
			sourceTree = "<group>";
		};
		D572AEFFCA2B723CED72558B /* Frameworks */ = {
			isa = PBXGroup;
			children = (
				B91B248A21553045005C3DED /* CoreLocation.framework */,
				9134C9FA788C8B1E178C22F6 /* Pods_Siparis.framework */,
			);
			name = Frameworks;
			sourceTree = "<group>";
		};
/* End PBXGroup section */

/* Begin PBXNativeTarget section */
		B9FCE508213D8486006BCB6C /* Siparis */ = {
			isa = PBXNativeTarget;
			buildConfigurationList = B9FCE51B213D8488006BCB6C /* Build configuration list for PBXNativeTarget "Siparis" */;
			buildPhases = (
				B32B1B9A3ED6E4E5FE3F5A28 /* [CP] Check Pods Manifest.lock */,
				B9FCE505213D8486006BCB6C /* Sources */,
				B9FCE506213D8486006BCB6C /* Frameworks */,
				B9FCE507213D8486006BCB6C /* Resources */,
				93FF21C6129AE1C470A3711E /* [CP] Embed Pods Frameworks */,
			);
			buildRules = (
			);
			dependencies = (
			);
			name = Siparis;
			productName = Siparis;
			productReference = B9FCE509213D8486006BCB6C /* Siparis.app */;
			productType = "com.apple.product-type.application";
		};
/* End PBXNativeTarget section */

/* Begin PBXProject section */
		B9FCE501213D8486006BCB6C /* Project object */ = {
			isa = PBXProject;
			attributes = {
				LastSwiftUpdateCheck = 0940;
				LastUpgradeCheck = 0940;
				ORGANIZATIONNAME = "Batuhan Erkol";
				TargetAttributes = {
					B9FCE508213D8486006BCB6C = {
						CreatedOnToolsVersion = 9.4.1;
					};
				};
			};
			buildConfigurationList = B9FCE504213D8486006BCB6C /* Build configuration list for PBXProject "Siparis" */;
			compatibilityVersion = "Xcode 9.3";
			developmentRegion = en;
			hasScannedForEncodings = 0;
			knownRegions = (
				en,
				Base,
			);
			mainGroup = B9FCE500213D8486006BCB6C;
			productRefGroup = B9FCE50A213D8486006BCB6C /* Products */;
			projectDirPath = "";
			projectRoot = "";
			targets = (
				B9FCE508213D8486006BCB6C /* Siparis */,
			);
		};
/* End PBXProject section */

/* Begin PBXResourcesBuildPhase section */
		B9FCE507213D8486006BCB6C /* Resources */ = {
			isa = PBXResourcesBuildPhase;
			buildActionMask = 2147483647;
			files = (
				B9F26D5722087D2100604FFF /* bos.png in Resources */,
				B9A741CE21BB214B001130D1 /* LogoSec.png in Resources */,
				B9FCE517213D8488006BCB6C /* LaunchScreen.storyboard in Resources */,
				B9FCE514213D8488006BCB6C /* Assets.xcassets in Resources */,
				B9BD4AA721E0B97D00BFFDDD /* fotosecin.png in Resources */,
				B9F337C021E3963600B64378 /* location.png in Resources */,
				B9A741C921BB2000001130D1 /* QRIcınDokun.png in Resources */,
				B9F337BF21E3963600B64378 /* menu1.png in Resources */,
				B9FCE512213D8486006BCB6C /* Main.storyboard in Resources */,
				B9F337BC21E3963600B64378 /* qr1.png in Resources */,
				B9F337BE21E3963600B64378 /* profil.png in Resources */,
				B917457F21CA7A0900F569D6 /* sefimYazi.png in Resources */,
				B9F337BD21E3963600B64378 /* table.png in Resources */,
			);
			runOnlyForDeploymentPostprocessing = 0;
		};
/* End PBXResourcesBuildPhase section */

/* Begin PBXShellScriptBuildPhase section */
		93FF21C6129AE1C470A3711E /* [CP] Embed Pods Frameworks */ = {
			isa = PBXShellScriptBuildPhase;
			buildActionMask = 2147483647;
			files = (
			);
			inputPaths = (
				"${SRCROOT}/Pods/Target Support Files/Pods-Siparis/Pods-Siparis-frameworks.sh",
				"${BUILT_PRODUCTS_DIR}/Bolts/Bolts.framework",
				"${BUILT_PRODUCTS_DIR}/Parse/Parse.framework",
			);
			name = "[CP] Embed Pods Frameworks";
			outputPaths = (
				"${TARGET_BUILD_DIR}/${FRAMEWORKS_FOLDER_PATH}/Bolts.framework",
				"${TARGET_BUILD_DIR}/${FRAMEWORKS_FOLDER_PATH}/Parse.framework",
			);
			runOnlyForDeploymentPostprocessing = 0;
			shellPath = /bin/sh;
			shellScript = "\"${SRCROOT}/Pods/Target Support Files/Pods-Siparis/Pods-Siparis-frameworks.sh\"\n";
			showEnvVarsInLog = 0;
		};
		B32B1B9A3ED6E4E5FE3F5A28 /* [CP] Check Pods Manifest.lock */ = {
			isa = PBXShellScriptBuildPhase;
			buildActionMask = 2147483647;
			files = (
			);
			inputPaths = (
				"${PODS_PODFILE_DIR_PATH}/Podfile.lock",
				"${PODS_ROOT}/Manifest.lock",
			);
			name = "[CP] Check Pods Manifest.lock";
			outputPaths = (
				"$(DERIVED_FILE_DIR)/Pods-Siparis-checkManifestLockResult.txt",
			);
			runOnlyForDeploymentPostprocessing = 0;
			shellPath = /bin/sh;
			shellScript = "diff \"${PODS_PODFILE_DIR_PATH}/Podfile.lock\" \"${PODS_ROOT}/Manifest.lock\" > /dev/null\nif [ $? != 0 ] ; then\n    # print error to STDERR\n    echo \"error: The sandbox is not in sync with the Podfile.lock. Run 'pod install' or update your CocoaPods installation.\" >&2\n    exit 1\nfi\n# This output is used by Xcode 'outputs' to avoid re-running this script phase.\necho \"SUCCESS\" > \"${SCRIPT_OUTPUT_FILE_0}\"\n";
			showEnvVarsInLog = 0;
		};
/* End PBXShellScriptBuildPhase section */

/* Begin PBXSourcesBuildPhase section */
		B9FCE505213D8486006BCB6C /* Sources */ = {
			isa = PBXSourcesBuildPhase;
			buildActionMask = 2147483647;
			files = (
				B917458521CBB9B300F569D6 /* EkranSifresiVC.swift in Sources */,
				B9F6ED6221D017B9009066A5 /* HammaddeEkleVC.swift in Sources */,
				B9FCE529213D90F5006BCB6C /* IsletmeProfilVC.swift in Sources */,
				B977BB5521D0F6F2008B5BD2 /* HammaddeBilgisiVC.swift in Sources */,
				B9FCE525213D90CE006BCB6C /* KareKodVC.swift in Sources */,
				B98EE45B217B2F2900FA1E09 /* PopUpTVC.swift in Sources */,
				B90CD86B2152BEE90001A0B8 /* AddLocationVC.swift in Sources */,
				094C8F2F21F0AFB8003288CA /* Extensions.swift in Sources */,
				B9706EB0214FB52100234067 /* Model.xcdatamodeld in Sources */,
				B941D00421C00DA400CF7246 /* OrderCell.swift in Sources */,
				B9F6ED6621D0281A009066A5 /* HammaddeDetails.swift in Sources */,
				B9F529CA2143DDD200BD45A6 /* MenuTVC.swift in Sources */,
				B9FCE523213D90B8006BCB6C /* konumVC.swift in Sources */,
				B93953812168C6AE005A5099 /* BilgilerimVC.swift in Sources */,
				B9960FD321ABFF0200C26569 /* FoodPriceCell.swift in Sources */,
				B9960FD121ABFE9500C26569 /* PreviousOrdersInformationVC.swift in Sources */,
				B98EE459217B2E9400FA1E09 /* PopUpVC.swift in Sources */,
				B9D260A021F1C0DE00B27FE6 /* TotalHammaddeVC.swift in Sources */,
				B941D00621C03FDE00CF7246 /* PaymentVC.swift in Sources */,
				B9F529D02144364F00BD45A6 /* FoodDetailsTVC.swift in Sources */,
				B941CFFE21BFBA9300CF7246 /* ManuelEkleVC.swift in Sources */,
				B9FF8BE321EE6FD20088EA23 /* UygulamaHakkindaVC.swift in Sources */,
				B9828012215D2B4700CBE76B /* CreateQR.swift in Sources */,
				B9F529CE2144239E00BD45A6 /* AddFoodTitleVC.swift in Sources */,
				B9FCE51F213D8E49006BCB6C /* SingInVC.swift in Sources */,
				B99B3F68213E8678002D017A /* SignedUpVC.swift in Sources */,
				B9F529D621443C2000BD45A6 /* AddFoodInformationVC.swift in Sources */,
				B9F6ED6021D01675009066A5 /* HammaddeVC.swift in Sources */,
				B9F529DA2144449600BD45A6 /* FoodInformationShowVC.swift in Sources */,
				B9F6ED6421D0256D009066A5 /* HammaddeCell.swift in Sources */,
				B9FCE527213D90E0006BCB6C /* MasaVC.swift in Sources */,
				B941D00221C00A9500CF7246 /* OrderVC.swift in Sources */,
				B95E2D7F21A47B75009CCD72 /* OncekiSiparislerVC.swift in Sources */,
				B9FCE50D213D8486006BCB6C /* AppDelegate.swift in Sources */,
				B93CBAA321A85B46000FEC3F /* DateTimeCell.swift in Sources */,
				B91861CB21BE7C070024E2E6 /* Reachability.swift in Sources */,
				B9E68670216E63F400EF4C65 /* ChangePasswordVC.swift in Sources */,
				B941D00021BFF10E00CF7246 /* ManuelEkleCell.swift in Sources */,
				B917458321CB88EE00F569D6 /* ForgotPassword.swift in Sources */,
				09E5C93721F7721E00A900B2 /* TotalHammaddeCell.swift in Sources */,
			);
			runOnlyForDeploymentPostprocessing = 0;
		};
/* End PBXSourcesBuildPhase section */

/* Begin PBXVariantGroup section */
		B9FCE510213D8486006BCB6C /* Main.storyboard */ = {
			isa = PBXVariantGroup;
			children = (
				B9FCE511213D8486006BCB6C /* Base */,
			);
			name = Main.storyboard;
			sourceTree = "<group>";
		};
		B9FCE515213D8488006BCB6C /* LaunchScreen.storyboard */ = {
			isa = PBXVariantGroup;
			children = (
				B9FCE516213D8488006BCB6C /* Base */,
			);
			name = LaunchScreen.storyboard;
			sourceTree = "<group>";
		};
/* End PBXVariantGroup section */

/* Begin XCBuildConfiguration section */
		B9FCE519213D8488006BCB6C /* Debug */ = {
			isa = XCBuildConfiguration;
			buildSettings = {
				ALWAYS_SEARCH_USER_PATHS = NO;
				CLANG_ANALYZER_NONNULL = YES;
				CLANG_ANALYZER_NUMBER_OBJECT_CONVERSION = YES_AGGRESSIVE;
				CLANG_CXX_LANGUAGE_STANDARD = "gnu++14";
				CLANG_CXX_LIBRARY = "libc++";
				CLANG_ENABLE_MODULES = YES;
				CLANG_ENABLE_OBJC_ARC = YES;
				CLANG_ENABLE_OBJC_WEAK = YES;
				CLANG_WARN_BLOCK_CAPTURE_AUTORELEASING = YES;
				CLANG_WARN_BOOL_CONVERSION = YES;
				CLANG_WARN_COMMA = YES;
				CLANG_WARN_CONSTANT_CONVERSION = YES;
				CLANG_WARN_DEPRECATED_OBJC_IMPLEMENTATIONS = YES;
				CLANG_WARN_DIRECT_OBJC_ISA_USAGE = YES_ERROR;
				CLANG_WARN_DOCUMENTATION_COMMENTS = YES;
				CLANG_WARN_EMPTY_BODY = YES;
				CLANG_WARN_ENUM_CONVERSION = YES;
				CLANG_WARN_INFINITE_RECURSION = YES;
				CLANG_WARN_INT_CONVERSION = YES;
				CLANG_WARN_NON_LITERAL_NULL_CONVERSION = YES;
				CLANG_WARN_OBJC_IMPLICIT_RETAIN_SELF = YES;
				CLANG_WARN_OBJC_LITERAL_CONVERSION = YES;
				CLANG_WARN_OBJC_ROOT_CLASS = YES_ERROR;
				CLANG_WARN_RANGE_LOOP_ANALYSIS = YES;
				CLANG_WARN_STRICT_PROTOTYPES = YES;
				CLANG_WARN_SUSPICIOUS_MOVE = YES;
				CLANG_WARN_UNGUARDED_AVAILABILITY = YES_AGGRESSIVE;
				CLANG_WARN_UNREACHABLE_CODE = YES;
				CLANG_WARN__DUPLICATE_METHOD_MATCH = YES;
				CODE_SIGN_IDENTITY = "iPhone Developer";
				COPY_PHASE_STRIP = NO;
				DEBUG_INFORMATION_FORMAT = dwarf;
				ENABLE_STRICT_OBJC_MSGSEND = YES;
				ENABLE_TESTABILITY = YES;
				GCC_C_LANGUAGE_STANDARD = gnu11;
				GCC_DYNAMIC_NO_PIC = NO;
				GCC_NO_COMMON_BLOCKS = YES;
				GCC_OPTIMIZATION_LEVEL = 0;
				GCC_PREPROCESSOR_DEFINITIONS = (
					"DEBUG=1",
					"$(inherited)",
				);
				GCC_WARN_64_TO_32_BIT_CONVERSION = YES;
				GCC_WARN_ABOUT_RETURN_TYPE = YES_ERROR;
				GCC_WARN_UNDECLARED_SELECTOR = YES;
				GCC_WARN_UNINITIALIZED_AUTOS = YES_AGGRESSIVE;
				GCC_WARN_UNUSED_FUNCTION = YES;
				GCC_WARN_UNUSED_VARIABLE = YES;
				IPHONEOS_DEPLOYMENT_TARGET = 11.4;
				MTL_ENABLE_DEBUG_INFO = YES;
				ONLY_ACTIVE_ARCH = YES;
				SDKROOT = iphoneos;
				SWIFT_ACTIVE_COMPILATION_CONDITIONS = DEBUG;
				SWIFT_OPTIMIZATION_LEVEL = "-Onone";
			};
			name = Debug;
		};
		B9FCE51A213D8488006BCB6C /* Release */ = {
			isa = XCBuildConfiguration;
			buildSettings = {
				ALWAYS_SEARCH_USER_PATHS = NO;
				CLANG_ANALYZER_NONNULL = YES;
				CLANG_ANALYZER_NUMBER_OBJECT_CONVERSION = YES_AGGRESSIVE;
				CLANG_CXX_LANGUAGE_STANDARD = "gnu++14";
				CLANG_CXX_LIBRARY = "libc++";
				CLANG_ENABLE_MODULES = YES;
				CLANG_ENABLE_OBJC_ARC = YES;
				CLANG_ENABLE_OBJC_WEAK = YES;
				CLANG_WARN_BLOCK_CAPTURE_AUTORELEASING = YES;
				CLANG_WARN_BOOL_CONVERSION = YES;
				CLANG_WARN_COMMA = YES;
				CLANG_WARN_CONSTANT_CONVERSION = YES;
				CLANG_WARN_DEPRECATED_OBJC_IMPLEMENTATIONS = YES;
				CLANG_WARN_DIRECT_OBJC_ISA_USAGE = YES_ERROR;
				CLANG_WARN_DOCUMENTATION_COMMENTS = YES;
				CLANG_WARN_EMPTY_BODY = YES;
				CLANG_WARN_ENUM_CONVERSION = YES;
				CLANG_WARN_INFINITE_RECURSION = YES;
				CLANG_WARN_INT_CONVERSION = YES;
				CLANG_WARN_NON_LITERAL_NULL_CONVERSION = YES;
				CLANG_WARN_OBJC_IMPLICIT_RETAIN_SELF = YES;
				CLANG_WARN_OBJC_LITERAL_CONVERSION = YES;
				CLANG_WARN_OBJC_ROOT_CLASS = YES_ERROR;
				CLANG_WARN_RANGE_LOOP_ANALYSIS = YES;
				CLANG_WARN_STRICT_PROTOTYPES = YES;
				CLANG_WARN_SUSPICIOUS_MOVE = YES;
				CLANG_WARN_UNGUARDED_AVAILABILITY = YES_AGGRESSIVE;
				CLANG_WARN_UNREACHABLE_CODE = YES;
				CLANG_WARN__DUPLICATE_METHOD_MATCH = YES;
				CODE_SIGN_IDENTITY = "iPhone Developer";
				COPY_PHASE_STRIP = NO;
				DEBUG_INFORMATION_FORMAT = "dwarf-with-dsym";
				ENABLE_NS_ASSERTIONS = NO;
				ENABLE_STRICT_OBJC_MSGSEND = YES;
				GCC_C_LANGUAGE_STANDARD = gnu11;
				GCC_NO_COMMON_BLOCKS = YES;
				GCC_WARN_64_TO_32_BIT_CONVERSION = YES;
				GCC_WARN_ABOUT_RETURN_TYPE = YES_ERROR;
				GCC_WARN_UNDECLARED_SELECTOR = YES;
				GCC_WARN_UNINITIALIZED_AUTOS = YES_AGGRESSIVE;
				GCC_WARN_UNUSED_FUNCTION = YES;
				GCC_WARN_UNUSED_VARIABLE = YES;
				IPHONEOS_DEPLOYMENT_TARGET = 11.4;
				MTL_ENABLE_DEBUG_INFO = NO;
				SDKROOT = iphoneos;
				SWIFT_COMPILATION_MODE = wholemodule;
				SWIFT_OPTIMIZATION_LEVEL = "-O";
				VALIDATE_PRODUCT = YES;
			};
			name = Release;
		};
		B9FCE51C213D8488006BCB6C /* Debug */ = {
			isa = XCBuildConfiguration;
			baseConfigurationReference = C4FBEC4FE39D0A3680A56A0E /* Pods-Siparis.debug.xcconfig */;
			buildSettings = {
				ASSETCATALOG_COMPILER_APPICON_NAME = AppIcon;
				CODE_SIGN_STYLE = Automatic;
				DEVELOPMENT_TEAM = F5SRK5G3ZB;
				INFOPLIST_FILE = Siparis/Info.plist;
				LD_RUNPATH_SEARCH_PATHS = (
					"$(inherited)",
					"@executable_path/Frameworks",
				);
				PRODUCT_BUNDLE_IDENTIFIER = com.batuhanerkol.Siparis;
				PRODUCT_NAME = "$(TARGET_NAME)";
				SWIFT_VERSION = 4.0;
				TARGETED_DEVICE_FAMILY = "1,2";
			};
			name = Debug;
		};
		B9FCE51D213D8488006BCB6C /* Release */ = {
			isa = XCBuildConfiguration;
			baseConfigurationReference = 257F260B6429E26C1436ECBD /* Pods-Siparis.release.xcconfig */;
			buildSettings = {
				ASSETCATALOG_COMPILER_APPICON_NAME = AppIcon;
				CODE_SIGN_STYLE = Automatic;
				DEVELOPMENT_TEAM = F5SRK5G3ZB;
				INFOPLIST_FILE = Siparis/Info.plist;
				LD_RUNPATH_SEARCH_PATHS = (
					"$(inherited)",
					"@executable_path/Frameworks",
				);
				PRODUCT_BUNDLE_IDENTIFIER = com.batuhanerkol.Siparis;
				PRODUCT_NAME = "$(TARGET_NAME)";
				SWIFT_VERSION = 4.0;
				TARGETED_DEVICE_FAMILY = "1,2";
			};
			name = Release;
		};
/* End XCBuildConfiguration section */

/* Begin XCConfigurationList section */
		B9FCE504213D8486006BCB6C /* Build configuration list for PBXProject "Siparis" */ = {
			isa = XCConfigurationList;
			buildConfigurations = (
				B9FCE519213D8488006BCB6C /* Debug */,
				B9FCE51A213D8488006BCB6C /* Release */,
			);
			defaultConfigurationIsVisible = 0;
			defaultConfigurationName = Release;
		};
		B9FCE51B213D8488006BCB6C /* Build configuration list for PBXNativeTarget "Siparis" */ = {
			isa = XCConfigurationList;
			buildConfigurations = (
				B9FCE51C213D8488006BCB6C /* Debug */,
				B9FCE51D213D8488006BCB6C /* Release */,
			);
			defaultConfigurationIsVisible = 0;
			defaultConfigurationName = Release;
		};
/* End XCConfigurationList section */

/* Begin XCVersionGroup section */
		B9706EAE214FB52100234067 /* Model.xcdatamodeld */ = {
			isa = XCVersionGroup;
			children = (
				B9706EAF214FB52100234067 /* Model.xcdatamodel */,
			);
			currentVersion = B9706EAF214FB52100234067 /* Model.xcdatamodel */;
			path = Model.xcdatamodeld;
			sourceTree = "<group>";
			versionGroupType = wrapper.xcdatamodel;
		};
/* End XCVersionGroup section */
	};
	rootObject = B9FCE501213D8486006BCB6C /* Project object */;
}
